
Microsoft Visual Studio Solution File, Format Version 12.00
# Visual Studio Version 17
VisualStudioVersion = 17.0.31903.59
MinimumVisualStudioVersion = 10.0.40219.1
Project("{2150E333-8FDC-42A3-9474-1A3956D46DE8}") = "src", "src", "{08C517AB-EFE8-4203-AE8C-792C5B61754C}"
EndProject
Project("{FAE04EC0-301F-11D3-BF4B-00C04F79EFBC}") = "KnowledgeNetwork.Core", "backend\KnowledgeNetwork.Core\KnowledgeNetwork.Core.csproj", "{110888B2-8A0E-4691-8311-47DCADC91FF2}"
EndProject
Project("{FAE04EC0-301F-11D3-BF4B-00C04F79EFBC}") = "KnowledgeNetwork.Infrastructure", "backend\KnowledgeNetwork.Infrastructure\KnowledgeNetwork.Infrastructure.csproj", "{A9C2D30C-3CAD-40DA-A7BB-B89985AEBE56}"
EndProject
Project("{FAE04EC0-301F-11D3-BF4B-00C04F79EFBC}") = "KnowledgeNetwork.Domains.Code", "backend\KnowledgeNetwork.Domains.Code\KnowledgeNetwork.Domains.Code.csproj", "{40A4EDA0-90B7-40B4-BD44-19A880DFD2C5}"
EndProject
Project("{FAE04EC0-301F-11D3-BF4B-00C04F79EFBC}") = "KnowledgeNetwork.Api", "backend\KnowledgeNetwork.Api\KnowledgeNetwork.Api.csproj", "{B2A5AA1E-F86C-452F-9D67-8CBB7988104E}"
EndProject
Project("{FAE04EC0-301F-11D3-BF4B-00C04F79EFBC}") = "KnowledgeNetwork.AnalysisTester", "tools\KnowledgeNetwork.AnalysisTester\KnowledgeNetwork.AnalysisTester.csproj", "{832E878F-4852-44D7-8D76-48EA98D40743}"
EndProject
Project("{2150E333-8FDC-42A3-9474-1A3956D46DE8}") = "tests", "tests", "{F5C8E5B3-9A7F-4D2E-8B1C-3E4F5A6B7C8D}"
EndProject
Project("{FAE04EC0-301F-11D3-BF4B-00C04F79EFBC}") = "KnowledgeNetwork.Core.Tests", "..\tests\KnowledgeNetwork.Core.Tests\KnowledgeNetwork.Core.Tests.csproj", "{A1B2C3D4-E5F6-7890-1234-56789ABCDEF0}"
EndProject
Project("{FAE04EC0-301F-11D3-BF4B-00C04F79EFBC}") = "KnowledgeNetwork.Domains.Code.Tests", "..\tests\KnowledgeNetwork.Domains.Code.Tests\KnowledgeNetwork.Domains.Code.Tests.csproj", "{B2C3D4E5-F6A7-8901-2345-6789ABCDEF01}"
EndProject
Project("{FAE04EC0-301F-11D3-BF4B-00C04F79EFBC}") = "KnowledgeNetwork.Infrastructure.Tests", "..\tests\KnowledgeNetwork.Infrastructure.Tests\KnowledgeNetwork.Infrastructure.Tests.csproj", "{C3D4E5F6-A7B8-9012-3456-789ABCDEF012}"
EndProject
Project("{FAE04EC0-301F-11D3-BF4B-00C04F79EFBC}") = "KnowledgeNetwork.Api.Tests", "..\tests\KnowledgeNetwork.Api.Tests\KnowledgeNetwork.Api.Tests.csproj", "{D4E5F6A7-B8C9-0123-4567-89ABCDEF0123}"
EndProject
Global
	GlobalSection(SolutionConfigurationPlatforms) = preSolution
		Debug|Any CPU = Debug|Any CPU
		Debug|x64 = Debug|x64
		Debug|x86 = Debug|x86
		Release|Any CPU = Release|Any CPU
		Release|x64 = Release|x64
		Release|x86 = Release|x86
	EndGlobalSection
	GlobalSection(ProjectConfigurationPlatforms) = postSolution
		{110888B2-8A0E-4691-8311-47DCADC91FF2}.Debug|Any CPU.ActiveCfg = Debug|Any CPU
		{110888B2-8A0E-4691-8311-47DCADC91FF2}.Debug|Any CPU.Build.0 = Debug|Any CPU
		{110888B2-8A0E-4691-8311-47DCADC91FF2}.Debug|x64.ActiveCfg = Debug|Any CPU
		{110888B2-8A0E-4691-8311-47DCADC91FF2}.Debug|x64.Build.0 = Debug|Any CPU
		{110888B2-8A0E-4691-8311-47DCADC91FF2}.Debug|x86.ActiveCfg = Debug|Any CPU
		{110888B2-8A0E-4691-8311-47DCADC91FF2}.Debug|x86.Build.0 = Debug|Any CPU
		{110888B2-8A0E-4691-8311-47DCADC91FF2}.Release|Any CPU.ActiveCfg = Release|Any CPU
		{110888B2-8A0E-4691-8311-47DCADC91FF2}.Release|Any CPU.Build.0 = Release|Any CPU
		{110888B2-8A0E-4691-8311-47DCADC91FF2}.Release|x64.ActiveCfg = Release|Any CPU
		{110888B2-8A0E-4691-8311-47DCADC91FF2}.Release|x64.Build.0 = Release|Any CPU
		{110888B2-8A0E-4691-8311-47DCADC91FF2}.Release|x86.ActiveCfg = Release|Any CPU
		{110888B2-8A0E-4691-8311-47DCADC91FF2}.Release|x86.Build.0 = Release|Any CPU
		{A9C2D30C-3CAD-40DA-A7BB-B89985AEBE56}.Debug|Any CPU.ActiveCfg = Debug|Any CPU
		{A9C2D30C-3CAD-40DA-A7BB-B89985AEBE56}.Debug|Any CPU.Build.0 = Debug|Any CPU
		{A9C2D30C-3CAD-40DA-A7BB-B89985AEBE56}.Debug|x64.ActiveCfg = Debug|Any CPU
		{A9C2D30C-3CAD-40DA-A7BB-B89985AEBE56}.Debug|x64.Build.0 = Debug|Any CPU
		{A9C2D30C-3CAD-40DA-A7BB-B89985AEBE56}.Debug|x86.ActiveCfg = Debug|Any CPU
		{A9C2D30C-3CAD-40DA-A7BB-B89985AEBE56}.Debug|x86.Build.0 = Debug|Any CPU
		{A9C2D30C-3CAD-40DA-A7BB-B89985AEBE56}.Release|Any CPU.ActiveCfg = Release|Any CPU
		{A9C2D30C-3CAD-40DA-A7BB-B89985AEBE56}.Release|Any CPU.Build.0 = Release|Any CPU
		{A9C2D30C-3CAD-40DA-A7BB-B89985AEBE56}.Release|x64.ActiveCfg = Release|Any CPU
		{A9C2D30C-3CAD-40DA-A7BB-B89985AEBE56}.Release|x64.Build.0 = Release|Any CPU
		{A9C2D30C-3CAD-40DA-A7BB-B89985AEBE56}.Release|x86.ActiveCfg = Release|Any CPU
		{A9C2D30C-3CAD-40DA-A7BB-B89985AEBE56}.Release|x86.Build.0 = Release|Any CPU
		{40A4EDA0-90B7-40B4-BD44-19A880DFD2C5}.Debug|Any CPU.ActiveCfg = Debug|Any CPU
		{40A4EDA0-90B7-40B4-BD44-19A880DFD2C5}.Debug|Any CPU.Build.0 = Debug|Any CPU
		{40A4EDA0-90B7-40B4-BD44-19A880DFD2C5}.Debug|x64.ActiveCfg = Debug|Any CPU
		{40A4EDA0-90B7-40B4-BD44-19A880DFD2C5}.Debug|x64.Build.0 = Debug|Any CPU
		{40A4EDA0-90B7-40B4-BD44-19A880DFD2C5}.Debug|x86.ActiveCfg = Debug|Any CPU
		{40A4EDA0-90B7-40B4-BD44-19A880DFD2C5}.Debug|x86.Build.0 = Debug|Any CPU
		{40A4EDA0-90B7-40B4-BD44-19A880DFD2C5}.Release|Any CPU.ActiveCfg = Release|Any CPU
		{40A4EDA0-90B7-40B4-BD44-19A880DFD2C5}.Release|Any CPU.Build.0 = Release|Any CPU
		{40A4EDA0-90B7-40B4-BD44-19A880DFD2C5}.Release|x64.ActiveCfg = Release|Any CPU
		{40A4EDA0-90B7-40B4-BD44-19A880DFD2C5}.Release|x64.Build.0 = Release|Any CPU
		{40A4EDA0-90B7-40B4-BD44-19A880DFD2C5}.Release|x86.ActiveCfg = Release|Any CPU
		{40A4EDA0-90B7-40B4-BD44-19A880DFD2C5}.Release|x86.Build.0 = Release|Any CPU
		{B2A5AA1E-F86C-452F-9D67-8CBB7988104E}.Debug|Any CPU.ActiveCfg = Debug|Any CPU
		{B2A5AA1E-F86C-452F-9D67-8CBB7988104E}.Debug|Any CPU.Build.0 = Debug|Any CPU
		{B2A5AA1E-F86C-452F-9D67-8CBB7988104E}.Debug|x64.ActiveCfg = Debug|Any CPU
		{B2A5AA1E-F86C-452F-9D67-8CBB7988104E}.Debug|x64.Build.0 = Debug|Any CPU
		{B2A5AA1E-F86C-452F-9D67-8CBB7988104E}.Debug|x86.ActiveCfg = Debug|Any CPU
		{B2A5AA1E-F86C-452F-9D67-8CBB7988104E}.Debug|x86.Build.0 = Debug|Any CPU
		{B2A5AA1E-F86C-452F-9D67-8CBB7988104E}.Release|Any CPU.ActiveCfg = Release|Any CPU
		{B2A5AA1E-F86C-452F-9D67-8CBB7988104E}.Release|Any CPU.Build.0 = Release|Any CPU
		{B2A5AA1E-F86C-452F-9D67-8CBB7988104E}.Release|x64.ActiveCfg = Release|Any CPU
		{B2A5AA1E-F86C-452F-9D67-8CBB7988104E}.Release|x64.Build.0 = Release|Any CPU
		{B2A5AA1E-F86C-452F-9D67-8CBB7988104E}.Release|x86.ActiveCfg = Release|Any CPU
		{B2A5AA1E-F86C-452F-9D67-8CBB7988104E}.Release|x86.Build.0 = Release|Any CPU
		{832E878F-4852-44D7-8D76-48EA98D40743}.Debug|Any CPU.ActiveCfg = Debug|Any CPU
		{832E878F-4852-44D7-8D76-48EA98D40743}.Debug|Any CPU.Build.0 = Debug|Any CPU
		{832E878F-4852-44D7-8D76-48EA98D40743}.Debug|x64.ActiveCfg = Debug|Any CPU
		{832E878F-4852-44D7-8D76-48EA98D40743}.Debug|x64.Build.0 = Debug|Any CPU
		{832E878F-4852-44D7-8D76-48EA98D40743}.Debug|x86.ActiveCfg = Debug|Any CPU
		{832E878F-4852-44D7-8D76-48EA98D40743}.Debug|x86.Build.0 = Debug|Any CPU
		{832E878F-4852-44D7-8D76-48EA98D40743}.Release|Any CPU.ActiveCfg = Release|Any CPU
		{832E878F-4852-44D7-8D76-48EA98D40743}.Release|Any CPU.Build.0 = Release|Any CPU
		{832E878F-4852-44D7-8D76-48EA98D40743}.Release|x64.ActiveCfg = Release|Any CPU
		{832E878F-4852-44D7-8D76-48EA98D40743}.Release|x64.Build.0 = Release|Any CPU
		{832E878F-4852-44D7-8D76-48EA98D40743}.Release|x86.ActiveCfg = Release|Any CPU
		{832E878F-4852-44D7-8D76-48EA98D40743}.Release|x86.Build.0 = Release|Any CPU
		{A1B2C3D4-E5F6-7890-1234-56789ABCDEF0}.Debug|Any CPU.ActiveCfg = Debug|Any CPU
		{A1B2C3D4-E5F6-7890-1234-56789ABCDEF0}.Debug|Any CPU.Build.0 = Debug|Any CPU
		{A1B2C3D4-E5F6-7890-1234-56789ABCDEF0}.Debug|x64.ActiveCfg = Debug|Any CPU
		{A1B2C3D4-E5F6-7890-1234-56789ABCDEF0}.Debug|x64.Build.0 = Debug|Any CPU
		{A1B2C3D4-E5F6-7890-1234-56789ABCDEF0}.Debug|x86.ActiveCfg = Debug|Any CPU
		{A1B2C3D4-E5F6-7890-1234-56789ABCDEF0}.Debug|x86.Build.0 = Debug|Any CPU
		{A1B2C3D4-E5F6-7890-1234-56789ABCDEF0}.Release|Any CPU.ActiveCfg = Release|Any CPU
		{A1B2C3D4-E5F6-7890-1234-56789ABCDEF0}.Release|Any CPU.Build.0 = Release|Any CPU
		{A1B2C3D4-E5F6-7890-1234-56789ABCDEF0}.Release|x64.ActiveCfg = Release|Any CPU
		{A1B2C3D4-E5F6-7890-1234-56789ABCDEF0}.Release|x64.Build.0 = Release|Any CPU
		{A1B2C3D4-E5F6-7890-1234-56789ABCDEF0}.Release|x86.ActiveCfg = Release|Any CPU
		{A1B2C3D4-E5F6-7890-1234-56789ABCDEF0}.Release|x86.Build.0 = Release|Any CPU
		{B2C3D4E5-F6A7-8901-2345-6789ABCDEF01}.Debug|Any CPU.ActiveCfg = Debug|Any CPU
		{B2C3D4E5-F6A7-8901-2345-6789ABCDEF01}.Debug|Any CPU.Build.0 = Debug|Any CPU
		{B2C3D4E5-F6A7-8901-2345-6789ABCDEF01}.Debug|x64.ActiveCfg = Debug|Any CPU
		{B2C3D4E5-F6A7-8901-2345-6789ABCDEF01}.Debug|x64.Build.0 = Debug|Any CPU
		{B2C3D4E5-F6A7-8901-2345-6789ABCDEF01}.Debug|x86.ActiveCfg = Debug|Any CPU
		{B2C3D4E5-F6A7-8901-2345-6789ABCDEF01}.Debug|x86.Build.0 = Debug|Any CPU
		{B2C3D4E5-F6A7-8901-2345-6789ABCDEF01}.Release|Any CPU.ActiveCfg = Release|Any CPU
		{B2C3D4E5-F6A7-8901-2345-6789ABCDEF01}.Release|Any CPU.Build.0 = Release|Any CPU
		{B2C3D4E5-F6A7-8901-2345-6789ABCDEF01}.Release|x64.ActiveCfg = Release|Any CPU
		{B2C3D4E5-F6A7-8901-2345-6789ABCDEF01}.Release|x64.Build.0 = Release|Any CPU
		{B2C3D4E5-F6A7-8901-2345-6789ABCDEF01}.Release|x86.ActiveCfg = Release|Any CPU
		{B2C3D4E5-F6A7-8901-2345-6789ABCDEF01}.Release|x86.Build.0 = Release|Any CPU
		{C3D4E5F6-A7B8-9012-3456-789ABCDEF012}.Debug|Any CPU.ActiveCfg = Debug|Any CPU
		{C3D4E5F6-A7B8-9012-3456-789ABCDEF012}.Debug|Any CPU.Build.0 = Debug|Any CPU
		{C3D4E5F6-A7B8-9012-3456-789ABCDEF012}.Debug|x64.ActiveCfg = Debug|Any CPU
		{C3D4E5F6-A7B8-9012-3456-789ABCDEF012}.Debug|x64.Build.0 = Debug|Any CPU
		{C3D4E5F6-A7B8-9012-3456-789ABCDEF012}.Debug|x86.ActiveCfg = Debug|Any CPU
		{C3D4E5F6-A7B8-9012-3456-789ABCDEF012}.Debug|x86.Build.0 = Debug|Any CPU
		{C3D4E5F6-A7B8-9012-3456-789ABCDEF012}.Release|Any CPU.ActiveCfg = Release|Any CPU
		{C3D4E5F6-A7B8-9012-3456-789ABCDEF012}.Release|Any CPU.Build.0 = Release|Any CPU
		{C3D4E5F6-A7B8-9012-3456-789ABCDEF012}.Release|x64.ActiveCfg = Release|Any CPU
		{C3D4E5F6-A7B8-9012-3456-789ABCDEF012}.Release|x64.Build.0 = Release|Any CPU
		{C3D4E5F6-A7B8-9012-3456-789ABCDEF012}.Release|x86.ActiveCfg = Release|Any CPU
		{C3D4E5F6-A7B8-9012-3456-789ABCDEF012}.Release|x86.Build.0 = Release|Any CPU
		{D4E5F6A7-B8C9-0123-4567-89ABCDEF0123}.Debug|Any CPU.ActiveCfg = Debug|Any CPU
		{D4E5F6A7-B8C9-0123-4567-89ABCDEF0123}.Debug|Any CPU.Build.0 = Debug|Any CPU
		{D4E5F6A7-B8C9-0123-4567-89ABCDEF0123}.Debug|x64.ActiveCfg = Debug|Any CPU
		{D4E5F6A7-B8C9-0123-4567-89ABCDEF0123}.Debug|x64.Build.0 = Debug|Any CPU
		{D4E5F6A7-B8C9-0123-4567-89ABCDEF0123}.Debug|x86.ActiveCfg = Debug|Any CPU
		{D4E5F6A7-B8C9-0123-4567-89ABCDEF0123}.Debug|x86.Build.0 = Debug|Any CPU
		{D4E5F6A7-B8C9-0123-4567-89ABCDEF0123}.Release|Any CPU.ActiveCfg = Release|Any CPU
		{D4E5F6A7-B8C9-0123-4567-89ABCDEF0123}.Release|Any CPU.Build.0 = Release|Any CPU
		{D4E5F6A7-B8C9-0123-4567-89ABCDEF0123}.Release|x64.ActiveCfg = Release|Any CPU
		{D4E5F6A7-B8C9-0123-4567-89ABCDEF0123}.Release|x64.Build.0 = Release|Any CPU
		{D4E5F6A7-B8C9-0123-4567-89ABCDEF0123}.Release|x86.ActiveCfg = Release|Any CPU
		{D4E5F6A7-B8C9-0123-4567-89ABCDEF0123}.Release|x86.Build.0 = Release|Any CPU
	EndGlobalSection
	GlobalSection(SolutionProperties) = preSolution
		HideSolutionNode = FALSE
	EndGlobalSection
	GlobalSection(NestedProjects) = preSolution
		{110888B2-8A0E-4691-8311-47DCADC91FF2} = {08C517AB-EFE8-4203-AE8C-792C5B61754C}
		{A9C2D30C-3CAD-40DA-A7BB-B89985AEBE56} = {08C517AB-EFE8-4203-AE8C-792C5B61754C}
		{40A4EDA0-90B7-40B4-BD44-19A880DFD2C5} = {08C517AB-EFE8-4203-AE8C-792C5B61754C}
		{B2A5AA1E-F86C-452F-9D67-8CBB7988104E} = {08C517AB-EFE8-4203-AE8C-792C5B61754C}
		{A1B2C3D4-E5F6-7890-1234-56789ABCDEF0} = {F5C8E5B3-9A7F-4D2E-8B1C-3E4F5A6B7C8D}
		{B2C3D4E5-F6A7-8901-2345-6789ABCDEF01} = {F5C8E5B3-9A7F-4D2E-8B1C-3E4F5A6B7C8D}
		{C3D4E5F6-A7B8-9012-3456-789ABCDEF012} = {F5C8E5B3-9A7F-4D2E-8B1C-3E4F5A6B7C8D}
		{D4E5F6A7-B8C9-0123-4567-89ABCDEF0123} = {F5C8E5B3-9A7F-4D2E-8B1C-3E4F5A6B7C8D}
	EndGlobalSection
EndGlobal
